{
  "name": "Day-26-DEX(exchange)",
  "lockfileVersion": 2,
  "requires": true,
  "packages": {
    "": {
      "dependencies": {
        "@openzeppelin/contracts": "^2.4.0"
      }
    },
    "node_modules/@openzeppelin/contracts": {
      "version": "2.4.0",
      "resolved": "https://registry.npmjs.org/@openzeppelin/contracts/-/contracts-2.4.0.tgz",
      "integrity": "sha512-xeKP59REgow5TPBJh3S9BRIm7DDG+Rz3Nt4ANWGUkjk4305DHpyUD5CyMJ6nd2JMmZuFyx4mjvvlCtSJLRnN6w=="
    }
  },
  "dependencies": {
    "@openzeppelin/contracts": {
      "version": "2.4.0",
      "resolved": "https://registry.npmjs.org/@openzeppelin/contracts/-/contracts-2.4.0.tgz",
      "integrity": "sha512-xeKP59REgow5TPBJh3S9BRIm7DDG+Rz3Nt4ANWGUkjk4305DHpyUD5CyMJ6nd2JMmZuFyx4mjvvlCtSJLRnN6w=="
    }
  }
}
